// !$*UTF8*$!
{
	archiveVersion = 1;
	classes = {
	};
	objectVersion = 55;
	objects = {

/* Begin PBXBuildFile section */
		71070C6C286D8EC1006105D1 /* DishesCollectionViewCell.swift in Sources */ = {isa = PBXBuildFile; fileRef = 71070C6A286D8EC1006105D1 /* DishesCollectionViewCell.swift */; };
		71070C6D286D8EC1006105D1 /* DishesCollectionViewCell.xib in Resources */ = {isa = PBXBuildFile; fileRef = 71070C6B286D8EC1006105D1 /* DishesCollectionViewCell.xib */; };
		71070C6F286D9054006105D1 /* Dishes.swift in Sources */ = {isa = PBXBuildFile; fileRef = 71070C6E286D9054006105D1 /* Dishes.swift */; };
		71070C72286D915B006105D1 /* Kingfisher in Frameworks */ = {isa = PBXBuildFile; productRef = 71070C71286D915B006105D1 /* Kingfisher */; };
		71070C74286D9233006105D1 /* String+Extension.swift in Sources */ = {isa = PBXBuildFile; fileRef = 71070C73286D9233006105D1 /* String+Extension.swift */; };
		71070C77286D96DC006105D1 /* CardView.swift in Sources */ = {isa = PBXBuildFile; fileRef = 71070C76286D96DC006105D1 /* CardView.swift */; };
		71272FFD2866177400FF6CAC /* HomeViewController.swift in Sources */ = {isa = PBXBuildFile; fileRef = 71272FFC2866177400FF6CAC /* HomeViewController.swift */; };
		712FAFDE286DC47300FA1B65 /* WorkoutCollectionViewCell.swift in Sources */ = {isa = PBXBuildFile; fileRef = 712FAFDC286DC47300FA1B65 /* WorkoutCollectionViewCell.swift */; };
		712FAFDF286DC47300FA1B65 /* WorkoutCollectionViewCell.xib in Resources */ = {isa = PBXBuildFile; fileRef = 712FAFDD286DC47300FA1B65 /* WorkoutCollectionViewCell.xib */; };
		712FAFE1286DC77800FA1B65 /* Model.swift in Sources */ = {isa = PBXBuildFile; fileRef = 712FAFE0286DC77800FA1B65 /* Model.swift */; };
		7143283528649EE1007FEEF2 /* AppDelegate.swift in Sources */ = {isa = PBXBuildFile; fileRef = 7143283428649EE1007FEEF2 /* AppDelegate.swift */; };
		7143283728649EE1007FEEF2 /* SceneDelegate.swift in Sources */ = {isa = PBXBuildFile; fileRef = 7143283628649EE1007FEEF2 /* SceneDelegate.swift */; };
		7143283928649EE1007FEEF2 /* ViewController.swift in Sources */ = {isa = PBXBuildFile; fileRef = 7143283828649EE1007FEEF2 /* ViewController.swift */; };
		7143283C28649EE1007FEEF2 /* Main.storyboard in Resources */ = {isa = PBXBuildFile; fileRef = 7143283A28649EE1007FEEF2 /* Main.storyboard */; };
		7143283E28649EE2007FEEF2 /* Assets.xcassets in Resources */ = {isa = PBXBuildFile; fileRef = 7143283D28649EE2007FEEF2 /* Assets.xcassets */; };
		7143284128649EE2007FEEF2 /* LaunchScreen.storyboard in Resources */ = {isa = PBXBuildFile; fileRef = 7143283F28649EE2007FEEF2 /* LaunchScreen.storyboard */; };
		7143284D2864A22A007FEEF2 /* OnboardingViewController.swift in Sources */ = {isa = PBXBuildFile; fileRef = 7143284C2864A22A007FEEF2 /* OnboardingViewController.swift */; };
		714328502864A4E8007FEEF2 /* UIView+Extension.swift in Sources */ = {isa = PBXBuildFile; fileRef = 7143284F2864A4E8007FEEF2 /* UIView+Extension.swift */; };
		714328522864A65A007FEEF2 /* OnboardingSlide.swift in Sources */ = {isa = PBXBuildFile; fileRef = 714328512864A65A007FEEF2 /* OnboardingSlide.swift */; };
		714328542864AA14007FEEF2 /* OnboardingCollectionViewCell.swift in Sources */ = {isa = PBXBuildFile; fileRef = 714328532864AA14007FEEF2 /* OnboardingCollectionViewCell.swift */; };
		7166CFB0286E989300FF005F /* BooksCollectionViewCell.swift in Sources */ = {isa = PBXBuildFile; fileRef = 7166CFAE286E989300FF005F /* BooksCollectionViewCell.swift */; };
		7166CFB1286E989300FF005F /* BooksCollectionViewCell.xib in Resources */ = {isa = PBXBuildFile; fileRef = 7166CFAF286E989300FF005F /* BooksCollectionViewCell.xib */; };
		7166CFB8286EB31600FF005F /* DetailPageViewController.swift in Sources */ = {isa = PBXBuildFile; fileRef = 7166CFB7286EB31600FF005F /* DetailPageViewController.swift */; };
		7166CFBA286EBE3F00FF005F /* UIViewController.swift in Sources */ = {isa = PBXBuildFile; fileRef = 7166CFB9286EBE3F00FF005F /* UIViewController.swift */; };
/* End PBXBuildFile section */

/* Begin PBXFileReference section */
		71070C6A286D8EC1006105D1 /* DishesCollectionViewCell.swift */ = {isa = PBXFileReference; lastKnownFileType = sourcecode.swift; path = DishesCollectionViewCell.swift; sourceTree = "<group>"; };
		71070C6B286D8EC1006105D1 /* DishesCollectionViewCell.xib */ = {isa = PBXFileReference; lastKnownFileType = file.xib; path = DishesCollectionViewCell.xib; sourceTree = "<group>"; };
		71070C6E286D9054006105D1 /* Dishes.swift */ = {isa = PBXFileReference; lastKnownFileType = sourcecode.swift; path = Dishes.swift; sourceTree = "<group>"; };
		71070C73286D9233006105D1 /* String+Extension.swift */ = {isa = PBXFileReference; lastKnownFileType = sourcecode.swift; path = "String+Extension.swift"; sourceTree = "<group>"; };
		71070C76286D96DC006105D1 /* CardView.swift */ = {isa = PBXFileReference; lastKnownFileType = sourcecode.swift; path = CardView.swift; sourceTree = "<group>"; };
		71272FFC2866177400FF6CAC /* HomeViewController.swift */ = {isa = PBXFileReference; lastKnownFileType = sourcecode.swift; path = HomeViewController.swift; sourceTree = "<group>"; };
		712FAFDC286DC47300FA1B65 /* WorkoutCollectionViewCell.swift */ = {isa = PBXFileReference; lastKnownFileType = sourcecode.swift; path = WorkoutCollectionViewCell.swift; sourceTree = "<group>"; };
		712FAFDD286DC47300FA1B65 /* WorkoutCollectionViewCell.xib */ = {isa = PBXFileReference; lastKnownFileType = file.xib; path = WorkoutCollectionViewCell.xib; sourceTree = "<group>"; };
		712FAFE0286DC77800FA1B65 /* Model.swift */ = {isa = PBXFileReference; lastKnownFileType = sourcecode.swift; path = Model.swift; sourceTree = "<group>"; };
		7143283128649EE1007FEEF2 /* Ogus Cake.app */ = {isa = PBXFileReference; explicitFileType = wrapper.application; includeInIndex = 0; path = "Ogus Cake.app"; sourceTree = BUILT_PRODUCTS_DIR; };
		7143283428649EE1007FEEF2 /* AppDelegate.swift */ = {isa = PBXFileReference; lastKnownFileType = sourcecode.swift; path = AppDelegate.swift; sourceTree = "<group>"; };
		7143283628649EE1007FEEF2 /* SceneDelegate.swift */ = {isa = PBXFileReference; lastKnownFileType = sourcecode.swift; path = SceneDelegate.swift; sourceTree = "<group>"; };
		7143283828649EE1007FEEF2 /* ViewController.swift */ = {isa = PBXFileReference; lastKnownFileType = sourcecode.swift; path = ViewController.swift; sourceTree = "<group>"; };
		7143283B28649EE1007FEEF2 /* Base */ = {isa = PBXFileReference; lastKnownFileType = file.storyboard; name = Base; path = Base.lproj/Main.storyboard; sourceTree = "<group>"; };
		7143283D28649EE2007FEEF2 /* Assets.xcassets */ = {isa = PBXFileReference; lastKnownFileType = folder.assetcatalog; path = Assets.xcassets; sourceTree = "<group>"; };
		7143284028649EE2007FEEF2 /* Base */ = {isa = PBXFileReference; lastKnownFileType = file.storyboard; name = Base; path = Base.lproj/LaunchScreen.storyboard; sourceTree = "<group>"; };
		7143284228649EE2007FEEF2 /* Info.plist */ = {isa = PBXFileReference; lastKnownFileType = text.plist.xml; path = Info.plist; sourceTree = "<group>"; };
		7143284C2864A22A007FEEF2 /* OnboardingViewController.swift */ = {isa = PBXFileReference; lastKnownFileType = sourcecode.swift; path = OnboardingViewController.swift; sourceTree = "<group>"; };
		7143284F2864A4E8007FEEF2 /* UIView+Extension.swift */ = {isa = PBXFileReference; lastKnownFileType = sourcecode.swift; path = "UIView+Extension.swift"; sourceTree = "<group>"; };
		714328512864A65A007FEEF2 /* OnboardingSlide.swift */ = {isa = PBXFileReference; lastKnownFileType = sourcecode.swift; path = OnboardingSlide.swift; sourceTree = "<group>"; };
		714328532864AA14007FEEF2 /* OnboardingCollectionViewCell.swift */ = {isa = PBXFileReference; lastKnownFileType = sourcecode.swift; path = OnboardingCollectionViewCell.swift; sourceTree = "<group>"; };
		7166CFAE286E989300FF005F /* BooksCollectionViewCell.swift */ = {isa = PBXFileReference; lastKnownFileType = sourcecode.swift; path = BooksCollectionViewCell.swift; sourceTree = "<group>"; };
		7166CFAF286E989300FF005F /* BooksCollectionViewCell.xib */ = {isa = PBXFileReference; lastKnownFileType = file.xib; path = BooksCollectionViewCell.xib; sourceTree = "<group>"; };
		7166CFB7286EB31600FF005F /* DetailPageViewController.swift */ = {isa = PBXFileReference; lastKnownFileType = sourcecode.swift; path = DetailPageViewController.swift; sourceTree = "<group>"; };
		7166CFB9286EBE3F00FF005F /* UIViewController.swift */ = {isa = PBXFileReference; lastKnownFileType = sourcecode.swift; path = UIViewController.swift; sourceTree = "<group>"; };
/* End PBXFileReference section */

/* Begin PBXFrameworksBuildPhase section */
		7143282E28649EE1007FEEF2 /* Frameworks */ = {
			isa = PBXFrameworksBuildPhase;
			buildActionMask = 2147483647;
			files = (
				71070C72286D915B006105D1 /* Kingfisher in Frameworks */,
			);
			runOnlyForDeploymentPostprocessing = 0;
		};
/* End PBXFrameworksBuildPhase section */

/* Begin PBXGroup section */
		71070C68286D8E7B006105D1 /* CollectionViewCells */ = {
			isa = PBXGroup;
			children = (
				7166CFAD286E987000FF005F /* BooksCollectionViewCell */,
				712FAFDB286DC45900FA1B65 /* WorkoutCollectionViewCell */,
				71070C69286D8E86006105D1 /* DishesCollectionViewCell */,
			);
			path = CollectionViewCells;
			sourceTree = "<group>";
		};
		71070C69286D8E86006105D1 /* DishesCollectionViewCell */ = {
			isa = PBXGroup;
			children = (
				71070C6A286D8EC1006105D1 /* DishesCollectionViewCell.swift */,
				71070C6B286D8EC1006105D1 /* DishesCollectionViewCell.xib */,
			);
			path = DishesCollectionViewCell;
			sourceTree = "<group>";
		};
		71070C75286D96C4006105D1 /* CardView */ = {
			isa = PBXGroup;
			children = (
				71070C76286D96DC006105D1 /* CardView.swift */,
			);
			path = CardView;
			sourceTree = "<group>";
		};
		71272FFB2866175A00FF6CAC /* Home */ = {
			isa = PBXGroup;
			children = (
				71272FFC2866177400FF6CAC /* HomeViewController.swift */,
			);
			path = Home;
			sourceTree = "<group>";
		};
		712FAFDB286DC45900FA1B65 /* WorkoutCollectionViewCell */ = {
			isa = PBXGroup;
			children = (
				712FAFDC286DC47300FA1B65 /* WorkoutCollectionViewCell.swift */,
				712FAFDD286DC47300FA1B65 /* WorkoutCollectionViewCell.xib */,
			);
			path = WorkoutCollectionViewCell;
			sourceTree = "<group>";
		};
		7143282828649EE1007FEEF2 = {
			isa = PBXGroup;
			children = (
				7143283328649EE1007FEEF2 /* Ogus Cake */,
				7143283228649EE1007FEEF2 /* Products */,
			);
			sourceTree = "<group>";
		};
		7143283228649EE1007FEEF2 /* Products */ = {
			isa = PBXGroup;
			children = (
				7143283128649EE1007FEEF2 /* Ogus Cake.app */,
			);
			name = Products;
			sourceTree = "<group>";
		};
		7143283328649EE1007FEEF2 /* Ogus Cake */ = {
			isa = PBXGroup;
			children = (
				7143284E2864A4C9007FEEF2 /* Extensions */,
				71F0E412286AFC3D00437925 /* CustomViews */,
				714328492864A1D4007FEEF2 /* Views */,
				714328482864A1C7007FEEF2 /* Models */,
				7143283428649EE1007FEEF2 /* AppDelegate.swift */,
				7143283628649EE1007FEEF2 /* SceneDelegate.swift */,
				7143283828649EE1007FEEF2 /* ViewController.swift */,
				7143283A28649EE1007FEEF2 /* Main.storyboard */,
				7143283D28649EE2007FEEF2 /* Assets.xcassets */,
				7143283F28649EE2007FEEF2 /* LaunchScreen.storyboard */,
				7143284228649EE2007FEEF2 /* Info.plist */,
			);
			path = "Ogus Cake";
			sourceTree = "<group>";
		};
		714328482864A1C7007FEEF2 /* Models */ = {
			isa = PBXGroup;
			children = (
				714328512864A65A007FEEF2 /* OnboardingSlide.swift */,
				71070C6E286D9054006105D1 /* Dishes.swift */,
				712FAFE0286DC77800FA1B65 /* Model.swift */,
			);
			path = Models;
			sourceTree = "<group>";
		};
		714328492864A1D4007FEEF2 /* Views */ = {
			isa = PBXGroup;
			children = (
				7166CFB6286EB2E000FF005F /* DetailPage */,
				71272FFB2866175A00FF6CAC /* Home */,
				7143284B2864A1FB007FEEF2 /* Onboarding */,
			);
			path = Views;
			sourceTree = "<group>";
		};
		7143284B2864A1FB007FEEF2 /* Onboarding */ = {
			isa = PBXGroup;
			children = (
				7143284C2864A22A007FEEF2 /* OnboardingViewController.swift */,
				714328532864AA14007FEEF2 /* OnboardingCollectionViewCell.swift */,
			);
			path = Onboarding;
			sourceTree = "<group>";
		};
		7143284E2864A4C9007FEEF2 /* Extensions */ = {
			isa = PBXGroup;
			children = (
				7143284F2864A4E8007FEEF2 /* UIView+Extension.swift */,
				71070C73286D9233006105D1 /* String+Extension.swift */,
				7166CFB9286EBE3F00FF005F /* UIViewController.swift */,
			);
			path = Extensions;
			sourceTree = "<group>";
		};
		7166CFAD286E987000FF005F /* BooksCollectionViewCell */ = {
			isa = PBXGroup;
			children = (
				7166CFAE286E989300FF005F /* BooksCollectionViewCell.swift */,
				7166CFAF286E989300FF005F /* BooksCollectionViewCell.xib */,
			);
			path = BooksCollectionViewCell;
			sourceTree = "<group>";
		};
		7166CFB6286EB2E000FF005F /* DetailPage */ = {
			isa = PBXGroup;
			children = (
				7166CFB7286EB31600FF005F /* DetailPageViewController.swift */,
			);
			path = DetailPage;
			sourceTree = "<group>";
		};
		71F0E412286AFC3D00437925 /* CustomViews */ = {
			isa = PBXGroup;
			children = (
				71070C75286D96C4006105D1 /* CardView */,
				71070C68286D8E7B006105D1 /* CollectionViewCells */,
			);
			path = CustomViews;
			sourceTree = "<group>";
		};
/* End PBXGroup section */

/* Begin PBXNativeTarget section */
		7143283028649EE1007FEEF2 /* Ogus Cake */ = {
			isa = PBXNativeTarget;
			buildConfigurationList = 7143284528649EE2007FEEF2 /* Build configuration list for PBXNativeTarget "Ogus Cake" */;
			buildPhases = (
				7143282D28649EE1007FEEF2 /* Sources */,
				7143282E28649EE1007FEEF2 /* Frameworks */,
				7143282F28649EE1007FEEF2 /* Resources */,
			);
			buildRules = (
			);
			dependencies = (
			);
			name = "Ogus Cake";
			packageProductDependencies = (
				71070C71286D915B006105D1 /* Kingfisher */,
			);
			productName = "Ogus Cake";
			productReference = 7143283128649EE1007FEEF2 /* Ogus Cake.app */;
			productType = "com.apple.product-type.application";
		};
/* End PBXNativeTarget section */

/* Begin PBXProject section */
		7143282928649EE1007FEEF2 /* Project object */ = {
			isa = PBXProject;
			attributes = {
				BuildIndependentTargetsInParallel = 1;
				LastSwiftUpdateCheck = 1340;
				LastUpgradeCheck = 1340;
				TargetAttributes = {
					7143283028649EE1007FEEF2 = {
						CreatedOnToolsVersion = 13.4.1;
					};
				};
			};
			buildConfigurationList = 7143282C28649EE1007FEEF2 /* Build configuration list for PBXProject "Ogus Cake" */;
			compatibilityVersion = "Xcode 13.0";
			developmentRegion = en;
			hasScannedForEncodings = 0;
			knownRegions = (
				en,
				Base,
			);
			mainGroup = 7143282828649EE1007FEEF2;
			packageReferences = (
				71070C70286D915B006105D1 /* XCRemoteSwiftPackageReference "Kingfisher" */,
			);
			productRefGroup = 7143283228649EE1007FEEF2 /* Products */;
			projectDirPath = "";
			projectRoot = "";
			targets = (
				7143283028649EE1007FEEF2 /* Ogus Cake */,
			);
		};
/* End PBXProject section */

/* Begin PBXResourcesBuildPhase section */
		7143282F28649EE1007FEEF2 /* Resources */ = {
			isa = PBXResourcesBuildPhase;
			buildActionMask = 2147483647;
			files = (
				712FAFDF286DC47300FA1B65 /* WorkoutCollectionViewCell.xib in Resources */,
				7166CFB1286E989300FF005F /* BooksCollectionViewCell.xib in Resources */,
				71070C6D286D8EC1006105D1 /* DishesCollectionViewCell.xib in Resources */,
				7143284128649EE2007FEEF2 /* LaunchScreen.storyboard in Resources */,
				7143283E28649EE2007FEEF2 /* Assets.xcassets in Resources */,
				7143283C28649EE1007FEEF2 /* Main.storyboard in Resources */,
			);
			runOnlyForDeploymentPostprocessing = 0;
		};
/* End PBXResourcesBuildPhase section */

/* Begin PBXSourcesBuildPhase section */
		7143282D28649EE1007FEEF2 /* Sources */ = {
			isa = PBXSourcesBuildPhase;
			buildActionMask = 2147483647;
			files = (
				7143283928649EE1007FEEF2 /* ViewController.swift in Sources */,
				7166CFBA286EBE3F00FF005F /* UIViewController.swift in Sources */,
				7166CFB8286EB31600FF005F /* DetailPageViewController.swift in Sources */,
				71070C74286D9233006105D1 /* String+Extension.swift in Sources */,
				71070C6F286D9054006105D1 /* Dishes.swift in Sources */,
				7143283528649EE1007FEEF2 /* AppDelegate.swift in Sources */,
				71070C6C286D8EC1006105D1 /* DishesCollectionViewCell.swift in Sources */,
				7143283728649EE1007FEEF2 /* SceneDelegate.swift in Sources */,
				71272FFD2866177400FF6CAC /* HomeViewController.swift in Sources */,
				714328502864A4E8007FEEF2 /* UIView+Extension.swift in Sources */,
				7166CFB0286E989300FF005F /* BooksCollectionViewCell.swift in Sources */,
				714328522864A65A007FEEF2 /* OnboardingSlide.swift in Sources */,
				712FAFDE286DC47300FA1B65 /* WorkoutCollectionViewCell.swift in Sources */,
				714328542864AA14007FEEF2 /* OnboardingCollectionViewCell.swift in Sources */,
				71070C77286D96DC006105D1 /* CardView.swift in Sources */,
				7143284D2864A22A007FEEF2 /* OnboardingViewController.swift in Sources */,
				712FAFE1286DC77800FA1B65 /* Model.swift in Sources */,
			);
			runOnlyForDeploymentPostprocessing = 0;
		};
/* End PBXSourcesBuildPhase section */

/* Begin PBXVariantGroup section */
		7143283A28649EE1007FEEF2 /* Main.storyboard */ = {
			isa = PBXVariantGroup;
			children = (
				7143283B28649EE1007FEEF2 /* Base */,
			);
			name = Main.storyboard;
			sourceTree = "<group>";
		};
		7143283F28649EE2007FEEF2 /* LaunchScreen.storyboard */ = {
			isa = PBXVariantGroup;
			children = (
				7143284028649EE2007FEEF2 /* Base */,
			);
			name = LaunchScreen.storyboard;
			sourceTree = "<group>";
		};
/* End PBXVariantGroup section */

/* Begin XCBuildConfiguration section */
		7143284328649EE2007FEEF2 /* Debug */ = {
			isa = XCBuildConfiguration;
			buildSettings = {
				ALWAYS_SEARCH_USER_PATHS = NO;
				CLANG_ANALYZER_NONNULL = YES;
				CLANG_ANALYZER_NUMBER_OBJECT_CONVERSION = YES_AGGRESSIVE;
				CLANG_CXX_LANGUAGE_STANDARD = "gnu++17";
				CLANG_ENABLE_MODULES = YES;
				CLANG_ENABLE_OBJC_ARC = YES;
				CLANG_ENABLE_OBJC_WEAK = YES;
				CLANG_WARN_BLOCK_CAPTURE_AUTORELEASING = YES;
				CLANG_WARN_BOOL_CONVERSION = YES;
				CLANG_WARN_COMMA = YES;
				CLANG_WARN_CONSTANT_CONVERSION = YES;
				CLANG_WARN_DEPRECATED_OBJC_IMPLEMENTATIONS = YES;
				CLANG_WARN_DIRECT_OBJC_ISA_USAGE = YES_ERROR;
				CLANG_WARN_DOCUMENTATION_COMMENTS = YES;
				CLANG_WARN_EMPTY_BODY = YES;
				CLANG_WARN_ENUM_CONVERSION = YES;
				CLANG_WARN_INFINITE_RECURSION = YES;
				CLANG_WARN_INT_CONVERSION = YES;
				CLANG_WARN_NON_LITERAL_NULL_CONVERSION = YES;
				CLANG_WARN_OBJC_IMPLICIT_RETAIN_SELF = YES;
				CLANG_WARN_OBJC_LITERAL_CONVERSION = YES;
				CLANG_WARN_OBJC_ROOT_CLASS = YES_ERROR;
				CLANG_WARN_QUOTED_INCLUDE_IN_FRAMEWORK_HEADER = YES;
				CLANG_WARN_RANGE_LOOP_ANALYSIS = YES;
				CLANG_WARN_STRICT_PROTOTYPES = YES;
				CLANG_WARN_SUSPICIOUS_MOVE = YES;
				CLANG_WARN_UNGUARDED_AVAILABILITY = YES_AGGRESSIVE;
				CLANG_WARN_UNREACHABLE_CODE = YES;
				CLANG_WARN__DUPLICATE_METHOD_MATCH = YES;
				COPY_PHASE_STRIP = NO;
				DEBUG_INFORMATION_FORMAT = dwarf;
				ENABLE_STRICT_OBJC_MSGSEND = YES;
				ENABLE_TESTABILITY = YES;
				GCC_C_LANGUAGE_STANDARD = gnu11;
				GCC_DYNAMIC_NO_PIC = NO;
				GCC_NO_COMMON_BLOCKS = YES;
				GCC_OPTIMIZATION_LEVEL = 0;
				GCC_PREPROCESSOR_DEFINITIONS = (
					"DEBUG=1",
					"$(inherited)",
				);
				GCC_WARN_64_TO_32_BIT_CONVERSION = YES;
				GCC_WARN_ABOUT_RETURN_TYPE = YES_ERROR;
				GCC_WARN_UNDECLARED_SELECTOR = YES;
				GCC_WARN_UNINITIALIZED_AUTOS = YES_AGGRESSIVE;
				GCC_WARN_UNUSED_FUNCTION = YES;
				GCC_WARN_UNUSED_VARIABLE = YES;
				IPHONEOS_DEPLOYMENT_TARGET = 15.5;
				MTL_ENABLE_DEBUG_INFO = INCLUDE_SOURCE;
				MTL_FAST_MATH = YES;
				ONLY_ACTIVE_ARCH = YES;
				SDKROOT = iphoneos;
				SWIFT_ACTIVE_COMPILATION_CONDITIONS = DEBUG;
				SWIFT_OPTIMIZATION_LEVEL = "-Onone";
			};
			name = Debug;
		};
		7143284428649EE2007FEEF2 /* Release */ = {
			isa = XCBuildConfiguration;
			buildSettings = {
				ALWAYS_SEARCH_USER_PATHS = NO;
				CLANG_ANALYZER_NONNULL = YES;
				CLANG_ANALYZER_NUMBER_OBJECT_CONVERSION = YES_AGGRESSIVE;
				CLANG_CXX_LANGUAGE_STANDARD = "gnu++17";
				CLANG_ENABLE_MODULES = YES;
				CLANG_ENABLE_OBJC_ARC = YES;
				CLANG_ENABLE_OBJC_WEAK = YES;
				CLANG_WARN_BLOCK_CAPTURE_AUTORELEASING = YES;
				CLANG_WARN_BOOL_CONVERSION = YES;
				CLANG_WARN_COMMA = YES;
				CLANG_WARN_CONSTANT_CONVERSION = YES;
				CLANG_WARN_DEPRECATED_OBJC_IMPLEMENTATIONS = YES;
				CLANG_WARN_DIRECT_OBJC_ISA_USAGE = YES_ERROR;
				CLANG_WARN_DOCUMENTATION_COMMENTS = YES;
				CLANG_WARN_EMPTY_BODY = YES;
				CLANG_WARN_ENUM_CONVERSION = YES;
				CLANG_WARN_INFINITE_RECURSION = YES;
				CLANG_WARN_INT_CONVERSION = YES;
				CLANG_WARN_NON_LITERAL_NULL_CONVERSION = YES;
				CLANG_WARN_OBJC_IMPLICIT_RETAIN_SELF = YES;
				CLANG_WARN_OBJC_LITERAL_CONVERSION = YES;
				CLANG_WARN_OBJC_ROOT_CLASS = YES_ERROR;
				CLANG_WARN_QUOTED_INCLUDE_IN_FRAMEWORK_HEADER = YES;
				CLANG_WARN_RANGE_LOOP_ANALYSIS = YES;
				CLANG_WARN_STRICT_PROTOTYPES = YES;
				CLANG_WARN_SUSPICIOUS_MOVE = YES;
				CLANG_WARN_UNGUARDED_AVAILABILITY = YES_AGGRESSIVE;
				CLANG_WARN_UNREACHABLE_CODE = YES;
				CLANG_WARN__DUPLICATE_METHOD_MATCH = YES;
				COPY_PHASE_STRIP = NO;
				DEBUG_INFORMATION_FORMAT = "dwarf-with-dsym";
				ENABLE_NS_ASSERTIONS = NO;
				ENABLE_STRICT_OBJC_MSGSEND = YES;
				GCC_C_LANGUAGE_STANDARD = gnu11;
				GCC_NO_COMMON_BLOCKS = YES;
				GCC_WARN_64_TO_32_BIT_CONVERSION = YES;
				GCC_WARN_ABOUT_RETURN_TYPE = YES_ERROR;
				GCC_WARN_UNDECLARED_SELECTOR = YES;
				GCC_WARN_UNINITIALIZED_AUTOS = YES_AGGRESSIVE;
				GCC_WARN_UNUSED_FUNCTION = YES;
				GCC_WARN_UNUSED_VARIABLE = YES;
				IPHONEOS_DEPLOYMENT_TARGET = 15.5;
				MTL_ENABLE_DEBUG_INFO = NO;
				MTL_FAST_MATH = YES;
				SDKROOT = iphoneos;
				SWIFT_COMPILATION_MODE = wholemodule;
				SWIFT_OPTIMIZATION_LEVEL = "-O";
				VALIDATE_PRODUCT = YES;
			};
			name = Release;
		};
		7143284628649EE2007FEEF2 /* Debug */ = {
			isa = XCBuildConfiguration;
			buildSettings = {
				ASSETCATALOG_COMPILER_APPICON_NAME = AppIcon;
				ASSETCATALOG_COMPILER_GLOBAL_ACCENT_COLOR_NAME = AccentColor;
				CODE_SIGN_STYLE = Automatic;
				CURRENT_PROJECT_VERSION = 1;
				DEVELOPMENT_TEAM = FAHJ57W2W9;
				GENERATE_INFOPLIST_FILE = YES;
				INFOPLIST_FILE = "Ogus Cake/Info.plist";
				INFOPLIST_KEY_UIApplicationSupportsIndirectInputEvents = YES;
				INFOPLIST_KEY_UILaunchStoryboardName = LaunchScreen;
				INFOPLIST_KEY_UIMainStoryboardFile = Main;
				INFOPLIST_KEY_UISupportedInterfaceOrientations_iPad = "UIInterfaceOrientationPortrait UIInterfaceOrientationPortraitUpsideDown UIInterfaceOrientationLandscapeLeft UIInterfaceOrientationLandscapeRight";
				INFOPLIST_KEY_UISupportedInterfaceOrientations_iPhone = "UIInterfaceOrientationPortrait UIInterfaceOrientationLandscapeLeft UIInterfaceOrientationLandscapeRight";
				LD_RUNPATH_SEARCH_PATHS = (
					"$(inherited)",
					"@executable_path/Frameworks",
				);
				MARKETING_VERSION = 1.0;
				PRODUCT_BUNDLE_IDENTIFIER = "com.oguzhankin.Ogus-Cake";
				PRODUCT_NAME = "$(TARGET_NAME)";
				SWIFT_EMIT_LOC_STRINGS = YES;
				SWIFT_VERSION = 5.0;
				TARGETED_DEVICE_FAMILY = "1,2";
			};
			name = Debug;
		};
		7143284728649EE2007FEEF2 /* Release */ = {
			isa = XCBuildConfiguration;
			buildSettings = {
				ASSETCATALOG_COMPILER_APPICON_NAME = AppIcon;
				ASSETCATALOG_COMPILER_GLOBAL_ACCENT_COLOR_NAME = AccentColor;
				CODE_SIGN_STYLE = Automatic;
				CURRENT_PROJECT_VERSION = 1;
				DEVELOPMENT_TEAM = FAHJ57W2W9;
				GENERATE_INFOPLIST_FILE = YES;
				INFOPLIST_FILE = "Ogus Cake/Info.plist";
				INFOPLIST_KEY_UIApplicationSupportsIndirectInputEvents = YES;
				INFOPLIST_KEY_UILaunchStoryboardName = LaunchScreen;
				INFOPLIST_KEY_UIMainStoryboardFile = Main;
				INFOPLIST_KEY_UISupportedInterfaceOrientations_iPad = "UIInterfaceOrientationPortrait UIInterfaceOrientationPortraitUpsideDown UIInterfaceOrientationLandscapeLeft UIInterfaceOrientationLandscapeRight";
				INFOPLIST_KEY_UISupportedInterfaceOrientations_iPhone = "UIInterfaceOrientationPortrait UIInterfaceOrientationLandscapeLeft UIInterfaceOrientationLandscapeRight";
				LD_RUNPATH_SEARCH_PATHS = (
					"$(inherited)",
					"@executable_path/Frameworks",
				);
				MARKETING_VERSION = 1.0;
				PRODUCT_BUNDLE_IDENTIFIER = "com.oguzhankin.Ogus-Cake";
				PRODUCT_NAME = "$(TARGET_NAME)";
				SWIFT_EMIT_LOC_STRINGS = YES;
				SWIFT_VERSION = 5.0;
				TARGETED_DEVICE_FAMILY = "1,2";
			};
			name = Release;
		};
/* End XCBuildConfiguration section */

/* Begin XCConfigurationList section */
		7143282C28649EE1007FEEF2 /* Build configuration list for PBXProject "Ogus Cake" */ = {
			isa = XCConfigurationList;
			buildConfigurations = (
				7143284328649EE2007FEEF2 /* Debug */,
				7143284428649EE2007FEEF2 /* Release */,
			);
			defaultConfigurationIsVisible = 0;
			defaultConfigurationName = Release;
		};
		7143284528649EE2007FEEF2 /* Build configuration list for PBXNativeTarget "Ogus Cake" */ = {
			isa = XCConfigurationList;
			buildConfigurations = (
				7143284628649EE2007FEEF2 /* Debug */,
				7143284728649EE2007FEEF2 /* Release */,
			);
			defaultConfigurationIsVisible = 0;
			defaultConfigurationName = Release;
		};
/* End XCConfigurationList section */

/* Begin XCRemoteSwiftPackageReference section */
		71070C70286D915B006105D1 /* XCRemoteSwiftPackageReference "Kingfisher" */ = {
			isa = XCRemoteSwiftPackageReference;
			repositoryURL = "https://github.com/onevcat/Kingfisher.git";
			requirement = {
				branch = master;
				kind = branch;
			};
		};
/* End XCRemoteSwiftPackageReference section */

/* Begin XCSwiftPackageProductDependency section */
		71070C71286D915B006105D1 /* Kingfisher */ = {
			isa = XCSwiftPackageProductDependency;
			package = 71070C70286D915B006105D1 /* XCRemoteSwiftPackageReference "Kingfisher" */;
			productName = Kingfisher;
		};
/* End XCSwiftPackageProductDependency section */
	};
	rootObject = 7143282928649EE1007FEEF2 /* Project object */;
}
